
Microsoft Visual Studio Solution File, Format Version 12.00
# Visual Studio Version 17
VisualStudioVersion = 17.14.36518.9 d17.14
MinimumVisualStudioVersion = 10.0.40219.1
Project("{FAE04EC0-301F-11D3-BF4B-00C04F79EFBC}") = "practice", "practice\practice.csproj", "{34820EB2-8455-4FEA-AC63-CB28B801C64F}"
EndProject
Global
	GlobalSection(SolutionConfigurationPlatforms) = preSolution
		Debug|Any CPU = Debug|Any CPU
		Release|Any CPU = Release|Any CPU
	EndGlobalSection
	GlobalSection(ProjectConfigurationPlatforms) = postSolution
		{34820EB2-8455-4FEA-AC63-CB28B801C64F}.Debug|Any CPU.ActiveCfg = Debug|Any CPU
		{34820EB2-8455-4FEA-AC63-CB28B801C64F}.Debug|Any CPU.Build.0 = Debug|Any CPU
		{34820EB2-8455-4FEA-AC63-CB28B801C64F}.Release|Any CPU.ActiveCfg = Release|Any CPU
		{34820EB2-8455-4FEA-AC63-CB28B801C64F}.Release|Any CPU.Build.0 = Release|Any CPU
	EndGlobalSection
	GlobalSection(SolutionProperties) = preSolution
		HideSolutionNode = FALSE
	EndGlobalSection
	GlobalSection(ExtensibilityGlobals) = postSolution
		SolutionGuid = {5EBE0D9C-AF24-49DD-B323-219EAE38D301}
	EndGlobalSection
EndGlobal
